
Microsoft Visual Studio Solution File, Format Version 12.00
# Visual Studio Version 17
VisualStudioVersion = 17.1.32328.378
MinimumVisualStudioVersion = 10.0.40219.1
Project("{54A90642-561A-4BB1-A94E-469ADEE60C69}") = "TodoApp", "TodoApp\TodoApp.esproj", "{104D7C90-330A-452E-B716-0D2464D7BDF7}"
EndProject
Project("{FAE04EC0-301F-11D3-BF4B-00C04F79EFBC}") = "TodoApp-Backend", "TodoApp-Backend\TodoApp-Backend.csproj", "{C64FDBF4-56DC-46FD-B3F4-AE4EA577A829}"
EndProject
Global
	GlobalSection(SolutionConfigurationPlatforms) = preSolution
		Debug|Any CPU = Debug|Any CPU
		Release|Any CPU = Release|Any CPU
	EndGlobalSection
	GlobalSection(ProjectConfigurationPlatforms) = postSolution
		{104D7C90-330A-452E-B716-0D2464D7BDF7}.Debug|Any CPU.ActiveCfg = Debug|Any CPU
		{104D7C90-330A-452E-B716-0D2464D7BDF7}.Debug|Any CPU.Build.0 = Debug|Any CPU
		{104D7C90-330A-452E-B716-0D2464D7BDF7}.Debug|Any CPU.Deploy.0 = Debug|Any CPU
		{104D7C90-330A-452E-B716-0D2464D7BDF7}.Release|Any CPU.ActiveCfg = Release|Any CPU
		{104D7C90-330A-452E-B716-0D2464D7BDF7}.Release|Any CPU.Build.0 = Release|Any CPU
		{104D7C90-330A-452E-B716-0D2464D7BDF7}.Release|Any CPU.Deploy.0 = Release|Any CPU
		{C64FDBF4-56DC-46FD-B3F4-AE4EA577A829}.Debug|Any CPU.ActiveCfg = Debug|Any CPU
		{C64FDBF4-56DC-46FD-B3F4-AE4EA577A829}.Debug|Any CPU.Build.0 = Debug|Any CPU
		{C64FDBF4-56DC-46FD-B3F4-AE4EA577A829}.Release|Any CPU.ActiveCfg = Release|Any CPU
		{C64FDBF4-56DC-46FD-B3F4-AE4EA577A829}.Release|Any CPU.Build.0 = Release|Any CPU
	EndGlobalSection
	GlobalSection(SolutionProperties) = preSolution
		HideSolutionNode = FALSE
	EndGlobalSection
	GlobalSection(ExtensibilityGlobals) = postSolution
		SolutionGuid = {75E83BA8-EF86-448D-9665-696E0E57DA5A}
	EndGlobalSection
EndGlobal
